{
  "name": "country-list",
  "version": "1.0.0",
  "lockfileVersion": 1,
  "requires": true,
  "dependencies": {
    "debug": {
      "version": "4.3.1",
      "resolved": "https://registry.npmjs.org/debug/-/debug-4.3.1.tgz",
      "integrity": "sha512-doEwdvm4PCeK4K3RQN2ZC2BYUBaxwLARCqZmMjtF8a51J2Rb0xpVloFRnCODwqjpwnAoao4pelN8l3RJdv3gRQ==",
      "requires": {
        "ms": "2.1.2"
      }
    },
    "fs": {
      "version": "0.0.1-security",
      "resolved": "https://registry.npmjs.org/fs/-/fs-0.0.1-security.tgz",
      "integrity": "sha1-invTcYa23d84E/I4WLV+yq9eQdQ="
    },
    "get-json": {
      "version": "1.0.1",
      "resolved": "https://registry.npmjs.org/get-json/-/get-json-1.0.1.tgz",
      "integrity": "sha512-buUOE2bLaxIsF6zGIrwvsTVlvgU85qwAWf0Hgq/EJBBoSssUqOauXWKpsh4wgPdTlZHEVllLtphiuIzFM4UEHQ==",
      "requires": {
        "is-node": "0.0.0",
        "jsonp": "0.0.4",
        "phin": "^2.2.6"
      }
    },
    "is-node": {
      "version": "0.0.0",
      "resolved": "https://registry.npmjs.org/is-node/-/is-node-0.0.0.tgz",
      "integrity": "sha1-h91lC4f7ajnFDKr+4On2g17BXkE="
    },
    "jsonp": {
      "version": "0.0.4",
      "resolved": "https://registry.npmjs.org/jsonp/-/jsonp-0.0.4.tgz",
      "integrity": "sha1-lGZaS3caq+y4qshBNbmVlHVpGL0=",
      "requires": {
        "debug": "*"
      }
    },
    "ms": {
      "version": "2.1.2",
      "resolved": "https://registry.npmjs.org/ms/-/ms-2.1.2.tgz",
      "integrity": "sha512-sGkPx+VjMtmA6MX27oA4FBFELFCZZ4S4XqeGOXCv68tT+jb3vk/RyaKWP0PTKyWtmLSM0b+adUTEvbs1PEaH2w=="
    },
    "phin": {
      "version": "2.9.3",
      "resolved": "https://registry.npmjs.org/phin/-/phin-2.9.3.tgz",
      "integrity": "sha512-CzFr90qM24ju5f88quFC/6qohjC144rehe5n6DH900lgXmUe86+xCKc10ev56gRKC4/BkHUoG4uSiQgBiIXwDA=="
    }
  }
}
